{
  "name": "typescript-proto",
  "version": "1.0.0",
  "lockfileVersion": 1,
  "requires": true,
  "dependencies": {
    "@types/google-protobuf": {
      "version": "3.2.7",
      "resolved": "https://registry.npmjs.org/@types/google-protobuf/-/google-protobuf-3.2.7.tgz",
      "integrity": "sha512-Pb9wl5qDEwfnJeeu6Zpn5Y+waLrKETStqLZXHMGCTbkNuBBudPy4qOGN6veamyeoUBwTm2knOVeP/FlHHhhmzA=="
    },
    "@types/node": {
      "version": "10.5.3",
      "resolved": "https://registry.npmjs.org/@types/node/-/node-10.5.3.tgz",
      "integrity": "sha512-jQ1p+SyF/z8ygPxfSPKZKMWazlCgTBSyIaC1UCUvkLHDdxdmPQtQFk02X4WFM31Z1BKMAS3MSAK0cRP2c92n6Q==",
      "dev": true
    },
    "browser-headers": {
      "version": "0.4.0",
      "resolved": "https://registry.npmjs.org/browser-headers/-/browser-headers-0.4.0.tgz",
      "integrity": "sha1-e2tNPMDOzJ3fUDdoFHkyEFxCFzQ="
    },
    "ed25519.js": {
      "version": "1.0.1",
      "resolved": "https://registry.npmjs.org/ed25519.js/-/ed25519.js-1.0.1.tgz",
      "integrity": "sha1-Qfa4dYYR3gmuSMkCnkbugfPDKaw="
    },
    "google-protobuf": {
      "version": "3.6.0",
      "resolved": "https://registry.npmjs.org/google-protobuf/-/google-protobuf-3.6.0.tgz",
      "integrity": "sha512-/n7jg+R0g7AM4zuweKPG43+ucu1qvW4WVu6v7kwyq5kD5tFNxgYVX0EYZVSv/oXnM+cTrPi83y4cakgtUXSK6Q=="
    },
    "grpc-web-client": {
      "version": "0.6.2",
      "resolved": "https://registry.npmjs.org/grpc-web-client/-/grpc-web-client-0.6.2.tgz",
      "integrity": "sha512-7LSp9Gr0cWLJp53ijrNW+KHNyw8rZKDMMmFKmRkxu1QJLU9vuE+5hG4NTc8ao5YwuP1rsBQi74eZ1R+sOiQVtg==",
      "requires": {
        "browser-headers": "^0.4.0"
      }
    },
    "ts-protoc-gen": {
      "version": "0.7.6",
      "resolved": "https://registry.npmjs.org/ts-protoc-gen/-/ts-protoc-gen-0.7.6.tgz",
      "integrity": "sha512-PW0kzZT3jwqh1VE8Lijd9AOV4o1g9lUlHo4yyb/KDvMN5CZLyAlng/chWWyxYpGLxKY+8NsWDIqkeI7w2yRoJw==",
      "dev": true,
      "requires": {
        "google-protobuf": "^3.5.0"
      }
    },
    "typescript": {
      "version": "2.9.2",
      "resolved": "https://registry.npmjs.org/typescript/-/typescript-2.9.2.tgz",
      "integrity": "sha512-Gr4p6nFNaoufRIY4NMdpQRNmgxVIGMs4Fcu/ujdYk3nAZqk7supzBE9idmvfZIlH/Cuj//dvi+019qEue9lV0w==",
      "dev": true
    }
  }
}
